
Microsoft Visual Studio Solution File, Format Version 12.00
# Visual Studio Version 17
VisualStudioVersion = 17.10.34928.147
MinimumVisualStudioVersion = 10.0.40219.1
Project("{FAE04EC0-301F-11D3-BF4B-00C04F79EFBC}") = "ParalelDownloader", "ParalelDownloader\ParalelDownloader.csproj", "{9BEE64AE-7111-4FDE-BA46-599E7CA315DA}"
EndProject
Global
	GlobalSection(SolutionConfigurationPlatforms) = preSolution
		Debug|Any CPU = Debug|Any CPU
		Release|Any CPU = Release|Any CPU
	EndGlobalSection
	GlobalSection(ProjectConfigurationPlatforms) = postSolution
		{9BEE64AE-7111-4FDE-BA46-599E7CA315DA}.Debug|Any CPU.ActiveCfg = Debug|Any CPU
		{9BEE64AE-7111-4FDE-BA46-599E7CA315DA}.Debug|Any CPU.Build.0 = Debug|Any CPU
		{9BEE64AE-7111-4FDE-BA46-599E7CA315DA}.Release|Any CPU.ActiveCfg = Release|Any CPU
		{9BEE64AE-7111-4FDE-BA46-599E7CA315DA}.Release|Any CPU.Build.0 = Release|Any CPU
	EndGlobalSection
	GlobalSection(SolutionProperties) = preSolution
		HideSolutionNode = FALSE
	EndGlobalSection
	GlobalSection(ExtensibilityGlobals) = postSolution
		SolutionGuid = {9A03148C-CD8F-4744-9592-259408E2DD1D}
	EndGlobalSection
EndGlobal
